
Microsoft Visual Studio Solution File, Format Version 12.00
# Visual Studio Version 16
VisualStudioVersion = 16.0.32413.511
MinimumVisualStudioVersion = 10.0.40219.1
Project("{FAE04EC0-301F-11D3-BF4B-00C04F79EFBC}") = "TAL_Challenge2", "TAL_Challenge2\TAL_Challenge2.csproj", "{75CA20AD-E8DA-4984-8081-F98CD5CC01A8}"
EndProject
Global
	GlobalSection(SolutionConfigurationPlatforms) = preSolution
		Debug|Any CPU = Debug|Any CPU
		Release|Any CPU = Release|Any CPU
	EndGlobalSection
	GlobalSection(ProjectConfigurationPlatforms) = postSolution
		{75CA20AD-E8DA-4984-8081-F98CD5CC01A8}.Debug|Any CPU.ActiveCfg = Debug|Any CPU
		{75CA20AD-E8DA-4984-8081-F98CD5CC01A8}.Debug|Any CPU.Build.0 = Debug|Any CPU
		{75CA20AD-E8DA-4984-8081-F98CD5CC01A8}.Release|Any CPU.ActiveCfg = Release|Any CPU
		{75CA20AD-E8DA-4984-8081-F98CD5CC01A8}.Release|Any CPU.Build.0 = Release|Any CPU
	EndGlobalSection
	GlobalSection(SolutionProperties) = preSolution
		HideSolutionNode = FALSE
	EndGlobalSection
	GlobalSection(ExtensibilityGlobals) = postSolution
		SolutionGuid = {3482A43D-28B3-4CF5-8EA7-51006CED5630}
	EndGlobalSection
EndGlobal
